// !$*UTF8*$!
{
	archiveVersion = 1;
	classes = {
	};
	objectVersion = 50;
	objects = {

/* Begin PBXBuildFile section */
		7855619D24AAF69F0065DB90 /* AppDelegate.swift in Sources */ = {isa = PBXBuildFile; fileRef = 7855619C24AAF69F0065DB90 /* AppDelegate.swift */; };
		7855619F24AAF69F0065DB90 /* SceneDelegate.swift in Sources */ = {isa = PBXBuildFile; fileRef = 7855619E24AAF69F0065DB90 /* SceneDelegate.swift */; };
		785561A124AAF69F0065DB90 /* ViewController.swift in Sources */ = {isa = PBXBuildFile; fileRef = 785561A024AAF69F0065DB90 /* ViewController.swift */; };
		785561A424AAF69F0065DB90 /* Main.storyboard in Resources */ = {isa = PBXBuildFile; fileRef = 785561A224AAF69F0065DB90 /* Main.storyboard */; };
		785561A624AAF6A00065DB90 /* Assets.xcassets in Resources */ = {isa = PBXBuildFile; fileRef = 785561A524AAF6A00065DB90 /* Assets.xcassets */; };
		785561A924AAF6A00065DB90 /* LaunchScreen.storyboard in Resources */ = {isa = PBXBuildFile; fileRef = 785561A724AAF6A00065DB90 /* LaunchScreen.storyboard */; };
		785561B424AAF6A10065DB90 /* UnitTestExampleTests.swift in Sources */ = {isa = PBXBuildFile; fileRef = 785561B324AAF6A10065DB90 /* UnitTestExampleTests.swift */; };
		785561BF24AAF7E20065DB90 /* LoginViewModel.swift in Sources */ = {isa = PBXBuildFile; fileRef = 785561BE24AAF7E20065DB90 /* LoginViewModel.swift */; };
		785561C224AB26480065DB90 /* UIAlert+Extension.swift in Sources */ = {isa = PBXBuildFile; fileRef = 785561C124AB26480065DB90 /* UIAlert+Extension.swift */; };
/* End PBXBuildFile section */

/* Begin PBXContainerItemProxy section */
		785561B024AAF6A10065DB90 /* PBXContainerItemProxy */ = {
			isa = PBXContainerItemProxy;
			containerPortal = 7855619124AAF69F0065DB90 /* Project object */;
			proxyType = 1;
			remoteGlobalIDString = 7855619824AAF69F0065DB90;
			remoteInfo = UnitTestExample;
		};
/* End PBXContainerItemProxy section */

/* Begin PBXFileReference section */
		7855619924AAF69F0065DB90 /* UnitTestExample.app */ = {isa = PBXFileReference; explicitFileType = wrapper.application; includeInIndex = 0; path = UnitTestExample.app; sourceTree = BUILT_PRODUCTS_DIR; };
		7855619C24AAF69F0065DB90 /* AppDelegate.swift */ = {isa = PBXFileReference; lastKnownFileType = sourcecode.swift; path = AppDelegate.swift; sourceTree = "<group>"; };
		7855619E24AAF69F0065DB90 /* SceneDelegate.swift */ = {isa = PBXFileReference; lastKnownFileType = sourcecode.swift; path = SceneDelegate.swift; sourceTree = "<group>"; };
		785561A024AAF69F0065DB90 /* ViewController.swift */ = {isa = PBXFileReference; lastKnownFileType = sourcecode.swift; path = ViewController.swift; sourceTree = "<group>"; };
		785561A324AAF69F0065DB90 /* Base */ = {isa = PBXFileReference; lastKnownFileType = file.storyboard; name = Base; path = Base.lproj/Main.storyboard; sourceTree = "<group>"; };
		785561A524AAF6A00065DB90 /* Assets.xcassets */ = {isa = PBXFileReference; lastKnownFileType = folder.assetcatalog; path = Assets.xcassets; sourceTree = "<group>"; };
		785561A824AAF6A00065DB90 /* Base */ = {isa = PBXFileReference; lastKnownFileType = file.storyboard; name = Base; path = Base.lproj/LaunchScreen.storyboard; sourceTree = "<group>"; };
		785561AA24AAF6A00065DB90 /* Info.plist */ = {isa = PBXFileReference; lastKnownFileType = text.plist.xml; path = Info.plist; sourceTree = "<group>"; };
		785561AF24AAF6A10065DB90 /* UnitTestExampleTests.xctest */ = {isa = PBXFileReference; explicitFileType = wrapper.cfbundle; includeInIndex = 0; path = UnitTestExampleTests.xctest; sourceTree = BUILT_PRODUCTS_DIR; };
		785561B324AAF6A10065DB90 /* UnitTestExampleTests.swift */ = {isa = PBXFileReference; lastKnownFileType = sourcecode.swift; path = UnitTestExampleTests.swift; sourceTree = "<group>"; };
		785561B524AAF6A10065DB90 /* Info.plist */ = {isa = PBXFileReference; lastKnownFileType = text.plist.xml; path = Info.plist; sourceTree = "<group>"; };
		785561BE24AAF7E20065DB90 /* LoginViewModel.swift */ = {isa = PBXFileReference; lastKnownFileType = sourcecode.swift; path = LoginViewModel.swift; sourceTree = "<group>"; };
		785561C124AB26480065DB90 /* UIAlert+Extension.swift */ = {isa = PBXFileReference; lastKnownFileType = sourcecode.swift; path = "UIAlert+Extension.swift"; sourceTree = "<group>"; };
/* End PBXFileReference section */

/* Begin PBXFrameworksBuildPhase section */
		7855619624AAF69F0065DB90 /* Frameworks */ = {
			isa = PBXFrameworksBuildPhase;
			buildActionMask = 2147483647;
			files = (
			);
			runOnlyForDeploymentPostprocessing = 0;
		};
		785561AC24AAF6A10065DB90 /* Frameworks */ = {
			isa = PBXFrameworksBuildPhase;
			buildActionMask = 2147483647;
			files = (
			);
			runOnlyForDeploymentPostprocessing = 0;
		};
/* End PBXFrameworksBuildPhase section */

/* Begin PBXGroup section */
		7855619024AAF69F0065DB90 = {
			isa = PBXGroup;
			children = (
				7855619B24AAF69F0065DB90 /* UnitTestExample */,
				785561B224AAF6A10065DB90 /* UnitTestExampleTests */,
				7855619A24AAF69F0065DB90 /* Products */,
			);
			sourceTree = "<group>";
		};
		7855619A24AAF69F0065DB90 /* Products */ = {
			isa = PBXGroup;
			children = (
				7855619924AAF69F0065DB90 /* UnitTestExample.app */,
				785561AF24AAF6A10065DB90 /* UnitTestExampleTests.xctest */,
			);
			name = Products;
			sourceTree = "<group>";
		};
		7855619B24AAF69F0065DB90 /* UnitTestExample */ = {
			isa = PBXGroup;
			children = (
				7855619C24AAF69F0065DB90 /* AppDelegate.swift */,
				7855619E24AAF69F0065DB90 /* SceneDelegate.swift */,
				785561C124AB26480065DB90 /* UIAlert+Extension.swift */,
				785561A024AAF69F0065DB90 /* ViewController.swift */,
				785561BE24AAF7E20065DB90 /* LoginViewModel.swift */,
				785561A224AAF69F0065DB90 /* Main.storyboard */,
				785561A524AAF6A00065DB90 /* Assets.xcassets */,
				785561A724AAF6A00065DB90 /* LaunchScreen.storyboard */,
				785561AA24AAF6A00065DB90 /* Info.plist */,
			);
			path = UnitTestExample;
			sourceTree = "<group>";
		};
		785561B224AAF6A10065DB90 /* UnitTestExampleTests */ = {
			isa = PBXGroup;
			children = (
				785561B324AAF6A10065DB90 /* UnitTestExampleTests.swift */,
				785561B524AAF6A10065DB90 /* Info.plist */,
			);
			path = UnitTestExampleTests;
			sourceTree = "<group>";
		};
/* End PBXGroup section */

/* Begin PBXNativeTarget section */
		7855619824AAF69F0065DB90 /* UnitTestExample */ = {
			isa = PBXNativeTarget;
			buildConfigurationList = 785561B824AAF6A10065DB90 /* Build configuration list for PBXNativeTarget "UnitTestExample" */;
			buildPhases = (
				7855619524AAF69F0065DB90 /* Sources */,
				7855619624AAF69F0065DB90 /* Frameworks */,
				7855619724AAF69F0065DB90 /* Resources */,
			);
			buildRules = (
			);
			dependencies = (
			);
			name = UnitTestExample;
			productName = UnitTestExample;
			productReference = 7855619924AAF69F0065DB90 /* UnitTestExample.app */;
			productType = "com.apple.product-type.application";
		};
		785561AE24AAF6A10065DB90 /* UnitTestExampleTests */ = {
			isa = PBXNativeTarget;
			buildConfigurationList = 785561BB24AAF6A10065DB90 /* Build configuration list for PBXNativeTarget "UnitTestExampleTests" */;
			buildPhases = (
				785561AB24AAF6A10065DB90 /* Sources */,
				785561AC24AAF6A10065DB90 /* Frameworks */,
				785561AD24AAF6A10065DB90 /* Resources */,
			);
			buildRules = (
			);
			dependencies = (
				785561B124AAF6A10065DB90 /* PBXTargetDependency */,
			);
			name = UnitTestExampleTests;
			productName = UnitTestExampleTests;
			productReference = 785561AF24AAF6A10065DB90 /* UnitTestExampleTests.xctest */;
			productType = "com.apple.product-type.bundle.unit-test";
		};
/* End PBXNativeTarget section */

/* Begin PBXProject section */
		7855619124AAF69F0065DB90 /* Project object */ = {
			isa = PBXProject;
			attributes = {
				LastSwiftUpdateCheck = 1130;
				LastUpgradeCheck = 1130;
				ORGANIZATIONNAME = Hxtreme;
				TargetAttributes = {
					7855619824AAF69F0065DB90 = {
						CreatedOnToolsVersion = 11.3;
					};
					785561AE24AAF6A10065DB90 = {
						CreatedOnToolsVersion = 11.3;
						TestTargetID = 7855619824AAF69F0065DB90;
					};
				};
			};
			buildConfigurationList = 7855619424AAF69F0065DB90 /* Build configuration list for PBXProject "UnitTestExample" */;
			compatibilityVersion = "Xcode 9.3";
			developmentRegion = en;
			hasScannedForEncodings = 0;
			knownRegions = (
				en,
				Base,
			);
			mainGroup = 7855619024AAF69F0065DB90;
			productRefGroup = 7855619A24AAF69F0065DB90 /* Products */;
			projectDirPath = "";
			projectRoot = "";
			targets = (
				7855619824AAF69F0065DB90 /* UnitTestExample */,
				785561AE24AAF6A10065DB90 /* UnitTestExampleTests */,
			);
		};
/* End PBXProject section */

/* Begin PBXResourcesBuildPhase section */
		7855619724AAF69F0065DB90 /* Resources */ = {
			isa = PBXResourcesBuildPhase;
			buildActionMask = 2147483647;
			files = (
				785561A924AAF6A00065DB90 /* LaunchScreen.storyboard in Resources */,
				785561A624AAF6A00065DB90 /* Assets.xcassets in Resources */,
				785561A424AAF69F0065DB90 /* Main.storyboard in Resources */,
			);
			runOnlyForDeploymentPostprocessing = 0;
		};
		785561AD24AAF6A10065DB90 /* Resources */ = {
			isa = PBXResourcesBuildPhase;
			buildActionMask = 2147483647;
			files = (
			);
			runOnlyForDeploymentPostprocessing = 0;
		};
/* End PBXResourcesBuildPhase section */

/* Begin PBXSourcesBuildPhase section */
		7855619524AAF69F0065DB90 /* Sources */ = {
			isa = PBXSourcesBuildPhase;
			buildActionMask = 2147483647;
			files = (
				785561BF24AAF7E20065DB90 /* LoginViewModel.swift in Sources */,
				785561A124AAF69F0065DB90 /* ViewController.swift in Sources */,
				785561C224AB26480065DB90 /* UIAlert+Extension.swift in Sources */,
				7855619D24AAF69F0065DB90 /* AppDelegate.swift in Sources */,
				7855619F24AAF69F0065DB90 /* SceneDelegate.swift in Sources */,
			);
			runOnlyForDeploymentPostprocessing = 0;
		};
		785561AB24AAF6A10065DB90 /* Sources */ = {
			isa = PBXSourcesBuildPhase;
			buildActionMask = 2147483647;
			files = (
				785561B424AAF6A10065DB90 /* UnitTestExampleTests.swift in Sources */,
			);
			runOnlyForDeploymentPostprocessing = 0;
		};
/* End PBXSourcesBuildPhase section */

/* Begin PBXTargetDependency section */
		785561B124AAF6A10065DB90 /* PBXTargetDependency */ = {
			isa = PBXTargetDependency;
			target = 7855619824AAF69F0065DB90 /* UnitTestExample */;
			targetProxy = 785561B024AAF6A10065DB90 /* PBXContainerItemProxy */;
		};
/* End PBXTargetDependency section */

/* Begin PBXVariantGroup section */
		785561A224AAF69F0065DB90 /* Main.storyboard */ = {
			isa = PBXVariantGroup;
			children = (
				785561A324AAF69F0065DB90 /* Base */,
			);
			name = Main.storyboard;
			sourceTree = "<group>";
		};
		785561A724AAF6A00065DB90 /* LaunchScreen.storyboard */ = {
			isa = PBXVariantGroup;
			children = (
				785561A824AAF6A00065DB90 /* Base */,
			);
			name = LaunchScreen.storyboard;
			sourceTree = "<group>";
		};
/* End PBXVariantGroup section */

/* Begin XCBuildConfiguration section */
		785561B624AAF6A10065DB90 /* Debug */ = {
			isa = XCBuildConfiguration;
			buildSettings = {
				ALWAYS_SEARCH_USER_PATHS = NO;
				CLANG_ANALYZER_NONNULL = YES;
				CLANG_ANALYZER_NUMBER_OBJECT_CONVERSION = YES_AGGRESSIVE;
				CLANG_CXX_LANGUAGE_STANDARD = "gnu++14";
				CLANG_CXX_LIBRARY = "libc++";
				CLANG_ENABLE_MODULES = YES;
				CLANG_ENABLE_OBJC_ARC = YES;
				CLANG_ENABLE_OBJC_WEAK = YES;
				CLANG_WARN_BLOCK_CAPTURE_AUTORELEASING = YES;
				CLANG_WARN_BOOL_CONVERSION = YES;
				CLANG_WARN_COMMA = YES;
				CLANG_WARN_CONSTANT_CONVERSION = YES;
				CLANG_WARN_DEPRECATED_OBJC_IMPLEMENTATIONS = YES;
				CLANG_WARN_DIRECT_OBJC_ISA_USAGE = YES_ERROR;
				CLANG_WARN_DOCUMENTATION_COMMENTS = YES;
				CLANG_WARN_EMPTY_BODY = YES;
				CLANG_WARN_ENUM_CONVERSION = YES;
				CLANG_WARN_INFINITE_RECURSION = YES;
				CLANG_WARN_INT_CONVERSION = YES;
				CLANG_WARN_NON_LITERAL_NULL_CONVERSION = YES;
				CLANG_WARN_OBJC_IMPLICIT_RETAIN_SELF = YES;
				CLANG_WARN_OBJC_LITERAL_CONVERSION = YES;
				CLANG_WARN_OBJC_ROOT_CLASS = YES_ERROR;
				CLANG_WARN_RANGE_LOOP_ANALYSIS = YES;
				CLANG_WARN_STRICT_PROTOTYPES = YES;
				CLANG_WARN_SUSPICIOUS_MOVE = YES;
				CLANG_WARN_UNGUARDED_AVAILABILITY = YES_AGGRESSIVE;
				CLANG_WARN_UNREACHABLE_CODE = YES;
				CLANG_WARN__DUPLICATE_METHOD_MATCH = YES;
				COPY_PHASE_STRIP = NO;
				DEBUG_INFORMATION_FORMAT = dwarf;
				ENABLE_STRICT_OBJC_MSGSEND = YES;
				ENABLE_TESTABILITY = YES;
				GCC_C_LANGUAGE_STANDARD = gnu11;
				GCC_DYNAMIC_NO_PIC = NO;
				GCC_NO_COMMON_BLOCKS = YES;
				GCC_OPTIMIZATION_LEVEL = 0;
				GCC_PREPROCESSOR_DEFINITIONS = (
					"DEBUG=1",
					"$(inherited)",
				);
				GCC_WARN_64_TO_32_BIT_CONVERSION = YES;
				GCC_WARN_ABOUT_RETURN_TYPE = YES_ERROR;
				GCC_WARN_UNDECLARED_SELECTOR = YES;
				GCC_WARN_UNINITIALIZED_AUTOS = YES_AGGRESSIVE;
				GCC_WARN_UNUSED_FUNCTION = YES;
				GCC_WARN_UNUSED_VARIABLE = YES;
				IPHONEOS_DEPLOYMENT_TARGET = 13.2;
				MTL_ENABLE_DEBUG_INFO = INCLUDE_SOURCE;
				MTL_FAST_MATH = YES;
				ONLY_ACTIVE_ARCH = YES;
				SDKROOT = iphoneos;
				SWIFT_ACTIVE_COMPILATION_CONDITIONS = DEBUG;
				SWIFT_OPTIMIZATION_LEVEL = "-Onone";
			};
			name = Debug;
		};
		785561B724AAF6A10065DB90 /* Release */ = {
			isa = XCBuildConfiguration;
			buildSettings = {
				ALWAYS_SEARCH_USER_PATHS = NO;
				CLANG_ANALYZER_NONNULL = YES;
				CLANG_ANALYZER_NUMBER_OBJECT_CONVERSION = YES_AGGRESSIVE;
				CLANG_CXX_LANGUAGE_STANDARD = "gnu++14";
				CLANG_CXX_LIBRARY = "libc++";
				CLANG_ENABLE_MODULES = YES;
				CLANG_ENABLE_OBJC_ARC = YES;
				CLANG_ENABLE_OBJC_WEAK = YES;
				CLANG_WARN_BLOCK_CAPTURE_AUTORELEASING = YES;
				CLANG_WARN_BOOL_CONVERSION = YES;
				CLANG_WARN_COMMA = YES;
				CLANG_WARN_CONSTANT_CONVERSION = YES;
				CLANG_WARN_DEPRECATED_OBJC_IMPLEMENTATIONS = YES;
				CLANG_WARN_DIRECT_OBJC_ISA_USAGE = YES_ERROR;
				CLANG_WARN_DOCUMENTATION_COMMENTS = YES;
				CLANG_WARN_EMPTY_BODY = YES;
				CLANG_WARN_ENUM_CONVERSION = YES;
				CLANG_WARN_INFINITE_RECURSION = YES;
				CLANG_WARN_INT_CONVERSION = YES;
				CLANG_WARN_NON_LITERAL_NULL_CONVERSION = YES;
				CLANG_WARN_OBJC_IMPLICIT_RETAIN_SELF = YES;
				CLANG_WARN_OBJC_LITERAL_CONVERSION = YES;
				CLANG_WARN_OBJC_ROOT_CLASS = YES_ERROR;
				CLANG_WARN_RANGE_LOOP_ANALYSIS = YES;
				CLANG_WARN_STRICT_PROTOTYPES = YES;
				CLANG_WARN_SUSPICIOUS_MOVE = YES;
				CLANG_WARN_UNGUARDED_AVAILABILITY = YES_AGGRESSIVE;
				CLANG_WARN_UNREACHABLE_CODE = YES;
				CLANG_WARN__DUPLICATE_METHOD_MATCH = YES;
				COPY_PHASE_STRIP = NO;
				DEBUG_INFORMATION_FORMAT = "dwarf-with-dsym";
				ENABLE_NS_ASSERTIONS = NO;
				ENABLE_STRICT_OBJC_MSGSEND = YES;
				GCC_C_LANGUAGE_STANDARD = gnu11;
				GCC_NO_COMMON_BLOCKS = YES;
				GCC_WARN_64_TO_32_BIT_CONVERSION = YES;
				GCC_WARN_ABOUT_RETURN_TYPE = YES_ERROR;
				GCC_WARN_UNDECLARED_SELECTOR = YES;
				GCC_WARN_UNINITIALIZED_AUTOS = YES_AGGRESSIVE;
				GCC_WARN_UNUSED_FUNCTION = YES;
				GCC_WARN_UNUSED_VARIABLE = YES;
				IPHONEOS_DEPLOYMENT_TARGET = 13.2;
				MTL_ENABLE_DEBUG_INFO = NO;
				MTL_FAST_MATH = YES;
				SDKROOT = iphoneos;
				SWIFT_COMPILATION_MODE = wholemodule;
				SWIFT_OPTIMIZATION_LEVEL = "-O";
				VALIDATE_PRODUCT = YES;
			};
			name = Release;
		};
		785561B924AAF6A10065DB90 /* Debug */ = {
			isa = XCBuildConfiguration;
			buildSettings = {
				ASSETCATALOG_COMPILER_APPICON_NAME = AppIcon;
				CODE_SIGN_STYLE = Automatic;
				INFOPLIST_FILE = UnitTestExample/Info.plist;
				LD_RUNPATH_SEARCH_PATHS = (
					"$(inherited)",
					"@executable_path/Frameworks",
				);
				PRODUCT_BUNDLE_IDENTIFIER = com.UnitTestExample;
				PRODUCT_NAME = "$(TARGET_NAME)";
				SWIFT_VERSION = 5.0;
				TARGETED_DEVICE_FAMILY = "1,2";
			};
			name = Debug;
		};
		785561BA24AAF6A10065DB90 /* Release */ = {
			isa = XCBuildConfiguration;
			buildSettings = {
				ASSETCATALOG_COMPILER_APPICON_NAME = AppIcon;
				CODE_SIGN_STYLE = Automatic;
				INFOPLIST_FILE = UnitTestExample/Info.plist;
				LD_RUNPATH_SEARCH_PATHS = (
					"$(inherited)",
					"@executable_path/Frameworks",
				);
				PRODUCT_BUNDLE_IDENTIFIER = com.UnitTestExample;
				PRODUCT_NAME = "$(TARGET_NAME)";
				SWIFT_VERSION = 5.0;
				TARGETED_DEVICE_FAMILY = "1,2";
			};
			name = Release;
		};
		785561BC24AAF6A10065DB90 /* Debug */ = {
			isa = XCBuildConfiguration;
			buildSettings = {
				ALWAYS_EMBED_SWIFT_STANDARD_LIBRARIES = YES;
				BUNDLE_LOADER = "$(TEST_HOST)";
				CODE_SIGN_STYLE = Automatic;
				INFOPLIST_FILE = UnitTestExampleTests/Info.plist;
				IPHONEOS_DEPLOYMENT_TARGET = 13.2;
				LD_RUNPATH_SEARCH_PATHS = (
					"$(inherited)",
					"@executable_path/Frameworks",
					"@loader_path/Frameworks",
				);
				PRODUCT_BUNDLE_IDENTIFIER = com.UnitTestExampleTests;
				PRODUCT_NAME = "$(TARGET_NAME)";
				SWIFT_VERSION = 5.0;
				TARGETED_DEVICE_FAMILY = "1,2";
				TEST_HOST = "$(BUILT_PRODUCTS_DIR)/UnitTestExample.app/UnitTestExample";
			};
			name = Debug;
		};
		785561BD24AAF6A10065DB90 /* Release */ = {
			isa = XCBuildConfiguration;
			buildSettings = {
				ALWAYS_EMBED_SWIFT_STANDARD_LIBRARIES = YES;
				BUNDLE_LOADER = "$(TEST_HOST)";
				CODE_SIGN_STYLE = Automatic;
				INFOPLIST_FILE = UnitTestExampleTests/Info.plist;
				IPHONEOS_DEPLOYMENT_TARGET = 13.2;
				LD_RUNPATH_SEARCH_PATHS = (
					"$(inherited)",
					"@executable_path/Frameworks",
					"@loader_path/Frameworks",
				);
				PRODUCT_BUNDLE_IDENTIFIER = com.UnitTestExampleTests;
				PRODUCT_NAME = "$(TARGET_NAME)";
				SWIFT_VERSION = 5.0;
				TARGETED_DEVICE_FAMILY = "1,2";
				TEST_HOST = "$(BUILT_PRODUCTS_DIR)/UnitTestExample.app/UnitTestExample";
			};
			name = Release;
		};
/* End XCBuildConfiguration section */

/* Begin XCConfigurationList section */
		7855619424AAF69F0065DB90 /* Build configuration list for PBXProject "UnitTestExample" */ = {
			isa = XCConfigurationList;
			buildConfigurations = (
				785561B624AAF6A10065DB90 /* Debug */,
				785561B724AAF6A10065DB90 /* Release */,
			);
			defaultConfigurationIsVisible = 0;
			defaultConfigurationName = Release;
		};
		785561B824AAF6A10065DB90 /* Build configuration list for PBXNativeTarget "UnitTestExample" */ = {
			isa = XCConfigurationList;
			buildConfigurations = (
				785561B924AAF6A10065DB90 /* Debug */,
				785561BA24AAF6A10065DB90 /* Release */,
			);
			defaultConfigurationIsVisible = 0;
			defaultConfigurationName = Release;
		};
		785561BB24AAF6A10065DB90 /* Build configuration list for PBXNativeTarget "UnitTestExampleTests" */ = {
			isa = XCConfigurationList;
			buildConfigurations = (
				785561BC24AAF6A10065DB90 /* Debug */,
				785561BD24AAF6A10065DB90 /* Release */,
			);
			defaultConfigurationIsVisible = 0;
			defaultConfigurationName = Release;
		};
/* End XCConfigurationList section */
	};
	rootObject = 7855619124AAF69F0065DB90 /* Project object */;
}
